
Microsoft Visual Studio Solution File, Format Version 11.00
# Visual Studio 2010
Project("{FAE04EC0-301F-11D3-BF4B-00C04F79EFBC}") = "TaiQiu", "TaiQiu\TaiQiu.csproj", "{42828305-FCA3-4CF5-9832-6C59339C058F}"
EndProject
Project("{FAE04EC0-301F-11D3-BF4B-00C04F79EFBC}") = "TaiQiuCDKey", "TaiQiuCDKey\TaiQiuCDKey.csproj", "{8C8C4EA8-5DE4-4383-8AC6-09A25D4F01A2}"
EndProject
Global
	GlobalSection(SolutionConfigurationPlatforms) = preSolution
		Debug|x86 = Debug|x86
		Release|x86 = Release|x86
	EndGlobalSection
	GlobalSection(ProjectConfigurationPlatforms) = postSolution
		{42828305-FCA3-4CF5-9832-6C59339C058F}.Debug|x86.ActiveCfg = Debug|x86
		{42828305-FCA3-4CF5-9832-6C59339C058F}.Debug|x86.Build.0 = Debug|x86
		{42828305-FCA3-4CF5-9832-6C59339C058F}.Release|x86.ActiveCfg = Release|x86
		{42828305-FCA3-4CF5-9832-6C59339C058F}.Release|x86.Build.0 = Release|x86
		{8C8C4EA8-5DE4-4383-8AC6-09A25D4F01A2}.Debug|x86.ActiveCfg = Debug|x86
		{8C8C4EA8-5DE4-4383-8AC6-09A25D4F01A2}.Debug|x86.Build.0 = Debug|x86
		{8C8C4EA8-5DE4-4383-8AC6-09A25D4F01A2}.Release|x86.ActiveCfg = Release|x86
		{8C8C4EA8-5DE4-4383-8AC6-09A25D4F01A2}.Release|x86.Build.0 = Release|x86
	EndGlobalSection
	GlobalSection(SolutionProperties) = preSolution
		HideSolutionNode = FALSE
	EndGlobalSection
EndGlobal
